// !$*UTF8*$!
{
	archiveVersion = 1;
	classes = {
	};
	objectVersion = 46;
	objects = {

/* Begin PBXBuildFile section */
		920BD7FD216E641400C23D13 /* FireflyInstrumentsViewController.swift in Sources */ = {isa = PBXBuildFile; fileRef = 920BD7FC216E641400C23D13 /* FireflyInstrumentsViewController.swift */; };
		920DFFF11D39356D00E92859 /* BinaryTests.swift in Sources */ = {isa = PBXBuildFile; fileRef = 920DFFF01D39356D00E92859 /* BinaryTests.swift */; };
		920DFFF41D39406200E92859 /* ColorInstrument.swift in Sources */ = {isa = PBXBuildFile; fileRef = 920DFFF31D39406200E92859 /* ColorInstrument.swift */; };
		920E63B0216E8778002C2684 /* FireflyDesignGpio.swift in Sources */ = {isa = PBXBuildFile; fileRef = 920E63AF216E8778002C2684 /* FireflyDesignGpio.swift */; };
		920E63B2216E8DB8002C2684 /* FireflyDesignI2cm.swift in Sources */ = {isa = PBXBuildFile; fileRef = 920E63B1216E8DB8002C2684 /* FireflyDesignI2cm.swift */; };
		920E63B4216E93E2002C2684 /* FireflyDesignBq25120.swift in Sources */ = {isa = PBXBuildFile; fileRef = 920E63B3216E93E2002C2684 /* FireflyDesignBq25120.swift */; };
		920E63B6216EAEEA002C2684 /* FireflyDesignSpim.swift in Sources */ = {isa = PBXBuildFile; fileRef = 920E63B5216EAEEA002C2684 /* FireflyDesignSpim.swift */; };
		920E63B8216EB005002C2684 /* FireflyDesignSpimFlash.swift in Sources */ = {isa = PBXBuildFile; fileRef = 920E63B7216EB005002C2684 /* FireflyDesignSpimFlash.swift */; };
		920E63BA216EB0D3002C2684 /* FireflyDesignLsm6dsl.swift in Sources */ = {isa = PBXBuildFile; fileRef = 920E63B9216EB0D3002C2684 /* FireflyDesignLsm6dsl.swift */; };
		920E63BC216EB2D4002C2684 /* FireflyDesignPwm.swift in Sources */ = {isa = PBXBuildFile; fileRef = 920E63BB216EB2D4002C2684 /* FireflyDesignPwm.swift */; };
		920E63C3216F8E57002C2684 /* FireflyDesignCrystal.swift in Sources */ = {isa = PBXBuildFile; fileRef = 920E63C2216F8E57002C2684 /* FireflyDesignCrystal.swift */; };
		920E63C9216F922D002C2684 /* FireflyDesignSwdRpc.swift in Sources */ = {isa = PBXBuildFile; fileRef = 920E63C8216F922D002C2684 /* FireflyDesignSwdRpc.swift */; };
		924431401D3FB94400F03EAC /* USBHIDDevice.h in Headers */ = {isa = PBXBuildFile; fileRef = 9244313E1D3FB94400F03EAC /* USBHIDDevice.h */; settings = {ATTRIBUTES = (Public, ); }; };
		924431411D3FB94400F03EAC /* USBHIDDevice.m in Sources */ = {isa = PBXBuildFile; fileRef = 9244313F1D3FB94400F03EAC /* USBHIDDevice.m */; };
		924431481D3FBC2300F03EAC /* FDError.h in Headers */ = {isa = PBXBuildFile; fileRef = 924431461D3FBC2300F03EAC /* FDError.h */; };
		924431491D3FBC2300F03EAC /* FDError.m in Sources */ = {isa = PBXBuildFile; fileRef = 924431471D3FBC2300F03EAC /* FDError.m */; };
		9244314C1D3FC11C00F03EAC /* USBHIDMonitor.h in Headers */ = {isa = PBXBuildFile; fileRef = 9244314A1D3FC11B00F03EAC /* USBHIDMonitor.h */; settings = {ATTRIBUTES = (Public, ); }; };
		9244314D1D3FC11C00F03EAC /* USBHIDMonitor.m in Sources */ = {isa = PBXBuildFile; fileRef = 9244314B1D3FC11C00F03EAC /* USBHIDMonitor.m */; };
		924818D0219F2053006FBC95 /* CurrentChart.swift in Sources */ = {isa = PBXBuildFile; fileRef = 924818CE219F2053006FBC95 /* CurrentChart.swift */; };
		924818D4219F2334006FBC95 /* CurrentTimelineScript.swift in Sources */ = {isa = PBXBuildFile; fileRef = 924818D3219F2334006FBC95 /* CurrentTimelineScript.swift */; };
		924818D6219F29C3006FBC95 /* Semaphore.swift in Sources */ = {isa = PBXBuildFile; fileRef = 924818D5219F29C3006FBC95 /* Semaphore.swift */; };
		924B6B551D418284000CBAB7 /* IndicatorInstrument.swift in Sources */ = {isa = PBXBuildFile; fileRef = 924B6B541D418284000CBAB7 /* IndicatorInstrument.swift */; };
		924B6B581D4184BC000CBAB7 /* InternalInstrument.swift in Sources */ = {isa = PBXBuildFile; fileRef = 924B6B571D4184BC000CBAB7 /* InternalInstrument.swift */; };
		9254ECFD210106C900D96FA7 /* FireflyFlashExport.swift in Sources */ = {isa = PBXBuildFile; fileRef = 9254ECFC210106C900D96FA7 /* FireflyFlashExport.swift */; };
		9255D6431D3D9EFC00655D79 /* DetourSource.swift in Sources */ = {isa = PBXBuildFile; fileRef = 9255D6421D3D9EFC00655D79 /* DetourSource.swift */; };
		9255D6461D3DBA3E00655D79 /* DetourSourceTests.swift in Sources */ = {isa = PBXBuildFile; fileRef = 9255D6451D3DBA3E00655D79 /* DetourSourceTests.swift */; };
		925C219F218A3466000347AA /* UsbPowerScript.swift in Sources */ = {isa = PBXBuildFile; fileRef = 925C219E218A3466000347AA /* UsbPowerScript.swift */; };
		9264A842216E736D00D2943F /* fd_quiescent_test_nrf5.hex in Resources */ = {isa = PBXBuildFile; fileRef = 9264A83E216E736D00D2943F /* fd_quiescent_test_nrf5.hex */; };
		9264A843216E736D00D2943F /* fd_test_suite_apollo.elf in Resources */ = {isa = PBXBuildFile; fileRef = 9264A83F216E736D00D2943F /* fd_test_suite_apollo.elf */; };
		9264A844216E736D00D2943F /* fd_test_suite_nrf5.elf in Resources */ = {isa = PBXBuildFile; fileRef = 9264A840216E736D00D2943F /* fd_test_suite_nrf5.elf */; };
		9264A845216E736D00D2943F /* fd_quiescent_test_apollo.hex in Resources */ = {isa = PBXBuildFile; fileRef = 9264A841216E736D00D2943F /* fd_quiescent_test_apollo.hex */; };
		926CE0911D71F7E2000E5A70 /* FileSystem.swift in Sources */ = {isa = PBXBuildFile; fileRef = 926CE0901D71F7E2000E5A70 /* FileSystem.swift */; };
		9272D9571D36D29D00830CF5 /* FireflyInstruments.h in Headers */ = {isa = PBXBuildFile; fileRef = 9272D9561D36D29D00830CF5 /* FireflyInstruments.h */; settings = {ATTRIBUTES = (Public, ); }; };
		9272D95E1D36D29D00830CF5 /* FireflyInstruments.framework in Frameworks */ = {isa = PBXBuildFile; fileRef = 9272D9531D36D29D00830CF5 /* FireflyInstruments.framework */; };
		9272D9851D36D39200830CF5 /* ARMSerialWireDebug.framework in Frameworks */ = {isa = PBXBuildFile; fileRef = 9272D9801D36D37F00830CF5 /* ARMSerialWireDebug.framework */; };
		9272D98E1D36D45F00830CF5 /* SerialWireInstrument.swift in Sources */ = {isa = PBXBuildFile; fileRef = 9272D98D1D36D45F00830CF5 /* SerialWireInstrument.swift */; };
		9272D9901D36D51C00830CF5 /* InstrumentManager.swift in Sources */ = {isa = PBXBuildFile; fileRef = 9272D98F1D36D51C00830CF5 /* InstrumentManager.swift */; };
		927795D31D397DFE000D7CFE /* DetourTests.swift in Sources */ = {isa = PBXBuildFile; fileRef = 927795D21D397DFE000D7CFE /* DetourTests.swift */; };
		927905281D3E732800623816 /* SerialWireInstrumentTests.swift in Sources */ = {isa = PBXBuildFile; fileRef = 927905271D3E732800623816 /* SerialWireInstrumentTests.swift */; };
		9279052B1D3E909600623816 /* InstrumentManagerTests.swift in Sources */ = {isa = PBXBuildFile; fileRef = 9279052A1D3E909600623816 /* InstrumentManagerTests.swift */; };
		9279BD3E216E5D5E00EEEC92 /* SerialWireDebugScript.swift in Sources */ = {isa = PBXBuildFile; fileRef = 9279BD2C216E5D5E00EEEC92 /* SerialWireDebugScript.swift */; };
		9279BD40216E5D5E00EEEC92 /* Fixture.swift in Sources */ = {isa = PBXBuildFile; fileRef = 9279BD2E216E5D5E00EEEC92 /* Fixture.swift */; };
		9279BD41216E5D5E00EEEC92 /* Heap.swift in Sources */ = {isa = PBXBuildFile; fileRef = 9279BD2F216E5D5E00EEEC92 /* Heap.swift */; };
		9279BD42216E5D5E00EEEC92 /* IdentifyScript.swift in Sources */ = {isa = PBXBuildFile; fileRef = 9279BD30216E5D5E00EEEC92 /* IdentifyScript.swift */; };
		9279BD46216E5D5E00EEEC92 /* Programmer.swift in Sources */ = {isa = PBXBuildFile; fileRef = 9279BD34216E5D5E00EEEC92 /* Programmer.swift */; };
		9279BD47216E5D5E00EEEC92 /* ProgramScript.swift in Sources */ = {isa = PBXBuildFile; fileRef = 9279BD35216E5D5E00EEEC92 /* ProgramScript.swift */; };
		9279BD48216E5D5E00EEEC92 /* FixtureScript.swift in Sources */ = {isa = PBXBuildFile; fileRef = 9279BD36216E5D5E00EEEC92 /* FixtureScript.swift */; };
		9279BD4A216E5D5E00EEEC92 /* Runner.swift in Sources */ = {isa = PBXBuildFile; fileRef = 9279BD38216E5D5E00EEEC92 /* Runner.swift */; };
		9279BD4C216E5D5E00EEEC92 /* Presenter.swift in Sources */ = {isa = PBXBuildFile; fileRef = 9279BD3A216E5D5E00EEEC92 /* Presenter.swift */; };
		9279BD4D216E5D5E00EEEC92 /* QuiescentScript.swift in Sources */ = {isa = PBXBuildFile; fileRef = 9279BD3B216E5D5E00EEEC92 /* QuiescentScript.swift */; };
		9279BD4E216E5D5E00EEEC92 /* Script.swift in Sources */ = {isa = PBXBuildFile; fileRef = 9279BD3C216E5D5E00EEEC92 /* Script.swift */; };
		9279BD4F216E5D5E00EEEC92 /* BatteryPowerScript.swift in Sources */ = {isa = PBXBuildFile; fileRef = 9279BD3D216E5D5E00EEEC92 /* BatteryPowerScript.swift */; };
		927D13EA1D3EC61A00466EE8 /* InstrumentPortal.swift in Sources */ = {isa = PBXBuildFile; fileRef = 927D13E91D3EC61A00466EE8 /* InstrumentPortal.swift */; };
		9286EEC61D42810F0078FA55 /* RelayInstrument.swift in Sources */ = {isa = PBXBuildFile; fileRef = 9286EEC51D42810F0078FA55 /* RelayInstrument.swift */; };
		9286EEC91D4281F70078FA55 /* CurrentInstrument.swift in Sources */ = {isa = PBXBuildFile; fileRef = 9286EEC81D4281F70078FA55 /* CurrentInstrument.swift */; };
		9286EECB1D4284150078FA55 /* BatteryInstrument.swift in Sources */ = {isa = PBXBuildFile; fileRef = 9286EECA1D4284150078FA55 /* BatteryInstrument.swift */; };
		9286EECD1D428CE00078FA55 /* ColorInstrumentTests.swift in Sources */ = {isa = PBXBuildFile; fileRef = 9286EECC1D428CE00078FA55 /* ColorInstrumentTests.swift */; };
		9286EECF1D428D0E0078FA55 /* MockPortal.swift in Sources */ = {isa = PBXBuildFile; fileRef = 9286EECE1D428D0E0078FA55 /* MockPortal.swift */; };
		9286EED11D428D4E0078FA55 /* MockUSBHIDDevice.swift in Sources */ = {isa = PBXBuildFile; fileRef = 9286EED01D428D4E0078FA55 /* MockUSBHIDDevice.swift */; };
		9286EEE81D4292410078FA55 /* IndicatorInstrumentTests.swift in Sources */ = {isa = PBXBuildFile; fileRef = 9286EEE71D4292410078FA55 /* IndicatorInstrumentTests.swift */; };
		9286EEEA1D42948E0078FA55 /* RelayInstrumentTests.swift in Sources */ = {isa = PBXBuildFile; fileRef = 9286EEE91D42948E0078FA55 /* RelayInstrumentTests.swift */; };
		9286EEEC1D4294DA0078FA55 /* CurrentInstrumentTests.swift in Sources */ = {isa = PBXBuildFile; fileRef = 9286EEEB1D4294DA0078FA55 /* CurrentInstrumentTests.swift */; };
		9286EEEE1D42954C0078FA55 /* BatteryInstrumentTests.swift in Sources */ = {isa = PBXBuildFile; fileRef = 9286EEED1D42954C0078FA55 /* BatteryInstrumentTests.swift */; };
		9286EEF01D42A3AD0078FA55 /* PortalTests.swift in Sources */ = {isa = PBXBuildFile; fileRef = 9286EEEF1D42A3AD0078FA55 /* PortalTests.swift */; };
		9286EEF61D42B4470078FA55 /* VoltageInstrument.swift in Sources */ = {isa = PBXBuildFile; fileRef = 9286EEF51D42B4470078FA55 /* VoltageInstrument.swift */; };
		9286EEF81D42B5370078FA55 /* VoltageInstrumentTests.swift in Sources */ = {isa = PBXBuildFile; fileRef = 9286EEF71D42B5370078FA55 /* VoltageInstrumentTests.swift */; };
		9289509F1D4A89E7005A5F55 /* USBHIDFinder.swift in Sources */ = {isa = PBXBuildFile; fileRef = 9289509E1D4A89E7005A5F55 /* USBHIDFinder.swift */; };
		929F8A951D9ED119001AF2A2 /* MockInstrumentManager.swift in Sources */ = {isa = PBXBuildFile; fileRef = 929F8A941D9ED119001AF2A2 /* MockInstrumentManager.swift */; };
		92A10B841D70B605006B708E /* StorageInstrument.swift in Sources */ = {isa = PBXBuildFile; fileRef = 92A10B831D70B605006B708E /* StorageInstrument.swift */; };
		92B3BEB01D3FE3D900EBBCF7 /* Instrument.swift in Sources */ = {isa = PBXBuildFile; fileRef = 92B3BEAF1D3FE3D900EBBCF7 /* Instrument.swift */; };
		92BED9AF1D88CE94007E8176 /* FileSystemTests.swift in Sources */ = {isa = PBXBuildFile; fileRef = 92BED9AE1D88CE94007E8176 /* FileSystemTests.swift */; };
		92BED9B11D88CF3B007E8176 /* MockStorageInstrument.swift in Sources */ = {isa = PBXBuildFile; fileRef = 92BED9B01D88CF3B007E8176 /* MockStorageInstrument.swift */; };
		92BFEC9B1D3E6F6B00C2481A /* Portal.swift in Sources */ = {isa = PBXBuildFile; fileRef = 92BFEC9A1D3E6F6B00C2481A /* Portal.swift */; };
		92E755B11D70C49A00B45C6D /* StorageInstrumentTests.swift in Sources */ = {isa = PBXBuildFile; fileRef = 92E755B01D70C49A00B45C6D /* StorageInstrumentTests.swift */; };
		92F647091EC1603F003A7027 /* IntelHex.swift in Sources */ = {isa = PBXBuildFile; fileRef = 92F647061EC1603F003A7027 /* IntelHex.swift */; };
		92F6470A1EC1603F003A7027 /* IntelHexFormatter.swift in Sources */ = {isa = PBXBuildFile; fileRef = 92F647071EC1603F003A7027 /* IntelHexFormatter.swift */; };
		92F6470B1EC1603F003A7027 /* IntelHexParser.swift in Sources */ = {isa = PBXBuildFile; fileRef = 92F647081EC1603F003A7027 /* IntelHexParser.swift */; };
		92F9E3651D37E9EA00F16833 /* Detour.swift in Sources */ = {isa = PBXBuildFile; fileRef = 92F9E3641D37E9EA00F16833 /* Detour.swift */; };
		92F9E3681D37F1DE00F16833 /* Binary.swift in Sources */ = {isa = PBXBuildFile; fileRef = 92F9E3671D37F1DE00F16833 /* Binary.swift */; };
		92F9E36E1D38491600F16833 /* fd_ieee754.c in Sources */ = {isa = PBXBuildFile; fileRef = 92F9E36C1D38491600F16833 /* fd_ieee754.c */; };
		92F9E36F1D38491600F16833 /* fd_ieee754.h in Headers */ = {isa = PBXBuildFile; fileRef = 92F9E36D1D38491600F16833 /* fd_ieee754.h */; settings = {ATTRIBUTES = (Public, ); }; };
/* End PBXBuildFile section */

/* Begin PBXContainerItemProxy section */
		9272D95F1D36D29D00830CF5 /* PBXContainerItemProxy */ = {
			isa = PBXContainerItemProxy;
			containerPortal = 9272D94A1D36D29D00830CF5 /* Project object */;
			proxyType = 1;
			remoteGlobalIDString = 9272D9521D36D29D00830CF5;
			remoteInfo = FireflyInstruments;
		};
		9272D97F1D36D37F00830CF5 /* PBXContainerItemProxy */ = {
			isa = PBXContainerItemProxy;
			containerPortal = 9272D97A1D36D37F00830CF5 /* ARMSerialWireDebug.xcodeproj */;
			proxyType = 2;
			remoteGlobalIDString = 92008A721CFE2E3A00AFDF20;
			remoteInfo = ARMSerialWireDebug;
		};
		9272D9811D36D37F00830CF5 /* PBXContainerItemProxy */ = {
			isa = PBXContainerItemProxy;
			containerPortal = 9272D97A1D36D37F00830CF5 /* ARMSerialWireDebug.xcodeproj */;
			proxyType = 2;
			remoteGlobalIDString = 92008A7C1CFE2E3A00AFDF20;
			remoteInfo = ARMSerialWireDebugTests;
		};
		9272D9831D36D38C00830CF5 /* PBXContainerItemProxy */ = {
			isa = PBXContainerItemProxy;
			containerPortal = 9272D97A1D36D37F00830CF5 /* ARMSerialWireDebug.xcodeproj */;
			proxyType = 1;
			remoteGlobalIDString = 92008A711CFE2E3A00AFDF20;
			remoteInfo = ARMSerialWireDebug;
		};
/* End PBXContainerItemProxy section */

/* Begin PBXFileReference section */
		920BD7FC216E641400C23D13 /* FireflyInstrumentsViewController.swift */ = {isa = PBXFileReference; lastKnownFileType = sourcecode.swift; path = FireflyInstrumentsViewController.swift; sourceTree = "<group>"; };
		920DFFF01D39356D00E92859 /* BinaryTests.swift */ = {isa = PBXFileReference; fileEncoding = 4; lastKnownFileType = sourcecode.swift; path = BinaryTests.swift; sourceTree = "<group>"; };
		920DFFF31D39406200E92859 /* ColorInstrument.swift */ = {isa = PBXFileReference; fileEncoding = 4; lastKnownFileType = sourcecode.swift; path = ColorInstrument.swift; sourceTree = "<group>"; };
		920E63AF216E8778002C2684 /* FireflyDesignGpio.swift */ = {isa = PBXFileReference; lastKnownFileType = sourcecode.swift; path = FireflyDesignGpio.swift; sourceTree = "<group>"; };
		920E63B1216E8DB8002C2684 /* FireflyDesignI2cm.swift */ = {isa = PBXFileReference; lastKnownFileType = sourcecode.swift; path = FireflyDesignI2cm.swift; sourceTree = "<group>"; };
		920E63B3216E93E2002C2684 /* FireflyDesignBq25120.swift */ = {isa = PBXFileReference; lastKnownFileType = sourcecode.swift; path = FireflyDesignBq25120.swift; sourceTree = "<group>"; };
		920E63B5216EAEEA002C2684 /* FireflyDesignSpim.swift */ = {isa = PBXFileReference; lastKnownFileType = sourcecode.swift; path = FireflyDesignSpim.swift; sourceTree = "<group>"; };
		920E63B7216EB005002C2684 /* FireflyDesignSpimFlash.swift */ = {isa = PBXFileReference; lastKnownFileType = sourcecode.swift; path = FireflyDesignSpimFlash.swift; sourceTree = "<group>"; };
		920E63B9216EB0D3002C2684 /* FireflyDesignLsm6dsl.swift */ = {isa = PBXFileReference; lastKnownFileType = sourcecode.swift; path = FireflyDesignLsm6dsl.swift; sourceTree = "<group>"; };
		920E63BB216EB2D4002C2684 /* FireflyDesignPwm.swift */ = {isa = PBXFileReference; lastKnownFileType = sourcecode.swift; path = FireflyDesignPwm.swift; sourceTree = "<group>"; };
		920E63C2216F8E57002C2684 /* FireflyDesignCrystal.swift */ = {isa = PBXFileReference; lastKnownFileType = sourcecode.swift; path = FireflyDesignCrystal.swift; sourceTree = "<group>"; };
		920E63C8216F922D002C2684 /* FireflyDesignSwdRpc.swift */ = {isa = PBXFileReference; lastKnownFileType = sourcecode.swift; path = FireflyDesignSwdRpc.swift; sourceTree = "<group>"; };
		9244313E1D3FB94400F03EAC /* USBHIDDevice.h */ = {isa = PBXFileReference; fileEncoding = 4; lastKnownFileType = sourcecode.c.h; path = USBHIDDevice.h; sourceTree = "<group>"; };
		9244313F1D3FB94400F03EAC /* USBHIDDevice.m */ = {isa = PBXFileReference; fileEncoding = 4; lastKnownFileType = sourcecode.c.objc; path = USBHIDDevice.m; sourceTree = "<group>"; };
		924431461D3FBC2300F03EAC /* FDError.h */ = {isa = PBXFileReference; fileEncoding = 4; lastKnownFileType = sourcecode.c.h; path = FDError.h; sourceTree = "<group>"; };
		924431471D3FBC2300F03EAC /* FDError.m */ = {isa = PBXFileReference; fileEncoding = 4; lastKnownFileType = sourcecode.c.objc; path = FDError.m; sourceTree = "<group>"; };
		9244314A1D3FC11B00F03EAC /* USBHIDMonitor.h */ = {isa = PBXFileReference; fileEncoding = 4; lastKnownFileType = sourcecode.c.h; path = USBHIDMonitor.h; sourceTree = "<group>"; };
		9244314B1D3FC11C00F03EAC /* USBHIDMonitor.m */ = {isa = PBXFileReference; fileEncoding = 4; lastKnownFileType = sourcecode.c.objc; path = USBHIDMonitor.m; sourceTree = "<group>"; };
		9244314E1D3FC71600F03EAC /* USBHIDDevice_Private.h */ = {isa = PBXFileReference; lastKnownFileType = sourcecode.c.h; path = USBHIDDevice_Private.h; sourceTree = "<group>"; };
		924818CE219F2053006FBC95 /* CurrentChart.swift */ = {isa = PBXFileReference; lastKnownFileType = sourcecode.swift; path = CurrentChart.swift; sourceTree = "<group>"; };
		924818D3219F2334006FBC95 /* CurrentTimelineScript.swift */ = {isa = PBXFileReference; lastKnownFileType = sourcecode.swift; path = CurrentTimelineScript.swift; sourceTree = "<group>"; };
		924818D5219F29C3006FBC95 /* Semaphore.swift */ = {isa = PBXFileReference; lastKnownFileType = sourcecode.swift; path = Semaphore.swift; sourceTree = "<group>"; };
		924B6B541D418284000CBAB7 /* IndicatorInstrument.swift */ = {isa = PBXFileReference; fileEncoding = 4; lastKnownFileType = sourcecode.swift; path = IndicatorInstrument.swift; sourceTree = "<group>"; };
		924B6B571D4184BC000CBAB7 /* InternalInstrument.swift */ = {isa = PBXFileReference; fileEncoding = 4; lastKnownFileType = sourcecode.swift; path = InternalInstrument.swift; sourceTree = "<group>"; };
		9254ECFC210106C900D96FA7 /* FireflyFlashExport.swift */ = {isa = PBXFileReference; lastKnownFileType = sourcecode.swift; path = FireflyFlashExport.swift; sourceTree = "<group>"; };
		9255D6421D3D9EFC00655D79 /* DetourSource.swift */ = {isa = PBXFileReference; fileEncoding = 4; lastKnownFileType = sourcecode.swift; path = DetourSource.swift; sourceTree = "<group>"; };
		9255D6451D3DBA3E00655D79 /* DetourSourceTests.swift */ = {isa = PBXFileReference; fileEncoding = 4; lastKnownFileType = sourcecode.swift; path = DetourSourceTests.swift; sourceTree = "<group>"; };
		925C219E218A3466000347AA /* UsbPowerScript.swift */ = {isa = PBXFileReference; lastKnownFileType = sourcecode.swift; path = UsbPowerScript.swift; sourceTree = "<group>"; };
		9264A83E216E736D00D2943F /* fd_quiescent_test_nrf5.hex */ = {isa = PBXFileReference; fileEncoding = 4; lastKnownFileType = text; path = fd_quiescent_test_nrf5.hex; sourceTree = "<group>"; };
		9264A83F216E736D00D2943F /* fd_test_suite_apollo.elf */ = {isa = PBXFileReference; lastKnownFileType = file; path = fd_test_suite_apollo.elf; sourceTree = "<group>"; };
		9264A840216E736D00D2943F /* fd_test_suite_nrf5.elf */ = {isa = PBXFileReference; lastKnownFileType = file; path = fd_test_suite_nrf5.elf; sourceTree = "<group>"; };
		9264A841216E736D00D2943F /* fd_quiescent_test_apollo.hex */ = {isa = PBXFileReference; fileEncoding = 4; lastKnownFileType = text; path = fd_quiescent_test_apollo.hex; sourceTree = "<group>"; };
		926CE0901D71F7E2000E5A70 /* FileSystem.swift */ = {isa = PBXFileReference; fileEncoding = 4; lastKnownFileType = sourcecode.swift; path = FileSystem.swift; sourceTree = "<group>"; };
		9272D9531D36D29D00830CF5 /* FireflyInstruments.framework */ = {isa = PBXFileReference; explicitFileType = wrapper.framework; includeInIndex = 0; path = FireflyInstruments.framework; sourceTree = BUILT_PRODUCTS_DIR; };
		9272D9561D36D29D00830CF5 /* FireflyInstruments.h */ = {isa = PBXFileReference; lastKnownFileType = sourcecode.c.h; path = FireflyInstruments.h; sourceTree = "<group>"; };
		9272D9581D36D29D00830CF5 /* Info.plist */ = {isa = PBXFileReference; lastKnownFileType = text.plist.xml; path = Info.plist; sourceTree = "<group>"; };
		9272D95D1D36D29D00830CF5 /* FireflyInstrumentsTests.xctest */ = {isa = PBXFileReference; explicitFileType = wrapper.cfbundle; includeInIndex = 0; path = FireflyInstrumentsTests.xctest; sourceTree = BUILT_PRODUCTS_DIR; };
		9272D9641D36D29D00830CF5 /* Info.plist */ = {isa = PBXFileReference; lastKnownFileType = text.plist.xml; path = Info.plist; sourceTree = "<group>"; };
		9272D97A1D36D37F00830CF5 /* ARMSerialWireDebug.xcodeproj */ = {isa = PBXFileReference; lastKnownFileType = "wrapper.pb-project"; name = ARMSerialWireDebug.xcodeproj; path = "../../firefly-arm-serial-wire-debug/ARMSerialWireDebug.xcodeproj"; sourceTree = "<group>"; };
		9272D98D1D36D45F00830CF5 /* SerialWireInstrument.swift */ = {isa = PBXFileReference; fileEncoding = 4; lastKnownFileType = sourcecode.swift; path = SerialWireInstrument.swift; sourceTree = "<group>"; };
		9272D98F1D36D51C00830CF5 /* InstrumentManager.swift */ = {isa = PBXFileReference; fileEncoding = 4; lastKnownFileType = sourcecode.swift; path = InstrumentManager.swift; sourceTree = "<group>"; };
		927795D21D397DFE000D7CFE /* DetourTests.swift */ = {isa = PBXFileReference; fileEncoding = 4; lastKnownFileType = sourcecode.swift; path = DetourTests.swift; sourceTree = "<group>"; };
		927905271D3E732800623816 /* SerialWireInstrumentTests.swift */ = {isa = PBXFileReference; fileEncoding = 4; lastKnownFileType = sourcecode.swift; path = SerialWireInstrumentTests.swift; sourceTree = "<group>"; };
		9279052A1D3E909600623816 /* InstrumentManagerTests.swift */ = {isa = PBXFileReference; fileEncoding = 4; lastKnownFileType = sourcecode.swift; path = InstrumentManagerTests.swift; sourceTree = "<group>"; };
		9279BD2C216E5D5E00EEEC92 /* SerialWireDebugScript.swift */ = {isa = PBXFileReference; fileEncoding = 4; lastKnownFileType = sourcecode.swift; path = SerialWireDebugScript.swift; sourceTree = "<group>"; };
		9279BD2E216E5D5E00EEEC92 /* Fixture.swift */ = {isa = PBXFileReference; fileEncoding = 4; lastKnownFileType = sourcecode.swift; path = Fixture.swift; sourceTree = "<group>"; };
		9279BD2F216E5D5E00EEEC92 /* Heap.swift */ = {isa = PBXFileReference; fileEncoding = 4; lastKnownFileType = sourcecode.swift; path = Heap.swift; sourceTree = "<group>"; };
		9279BD30216E5D5E00EEEC92 /* IdentifyScript.swift */ = {isa = PBXFileReference; fileEncoding = 4; lastKnownFileType = sourcecode.swift; path = IdentifyScript.swift; sourceTree = "<group>"; };
		9279BD34216E5D5E00EEEC92 /* Programmer.swift */ = {isa = PBXFileReference; fileEncoding = 4; lastKnownFileType = sourcecode.swift; path = Programmer.swift; sourceTree = "<group>"; };
		9279BD35216E5D5E00EEEC92 /* ProgramScript.swift */ = {isa = PBXFileReference; fileEncoding = 4; lastKnownFileType = sourcecode.swift; path = ProgramScript.swift; sourceTree = "<group>"; };
		9279BD36216E5D5E00EEEC92 /* FixtureScript.swift */ = {isa = PBXFileReference; fileEncoding = 4; lastKnownFileType = sourcecode.swift; path = FixtureScript.swift; sourceTree = "<group>"; };
		9279BD38216E5D5E00EEEC92 /* Runner.swift */ = {isa = PBXFileReference; fileEncoding = 4; lastKnownFileType = sourcecode.swift; path = Runner.swift; sourceTree = "<group>"; };
		9279BD3A216E5D5E00EEEC92 /* Presenter.swift */ = {isa = PBXFileReference; fileEncoding = 4; lastKnownFileType = sourcecode.swift; path = Presenter.swift; sourceTree = "<group>"; };
		9279BD3B216E5D5E00EEEC92 /* QuiescentScript.swift */ = {isa = PBXFileReference; fileEncoding = 4; lastKnownFileType = sourcecode.swift; path = QuiescentScript.swift; sourceTree = "<group>"; };
		9279BD3C216E5D5E00EEEC92 /* Script.swift */ = {isa = PBXFileReference; fileEncoding = 4; lastKnownFileType = sourcecode.swift; path = Script.swift; sourceTree = "<group>"; };
		9279BD3D216E5D5E00EEEC92 /* BatteryPowerScript.swift */ = {isa = PBXFileReference; fileEncoding = 4; lastKnownFileType = sourcecode.swift; path = BatteryPowerScript.swift; sourceTree = "<group>"; };
		927D13E91D3EC61A00466EE8 /* InstrumentPortal.swift */ = {isa = PBXFileReference; fileEncoding = 4; lastKnownFileType = sourcecode.swift; path = InstrumentPortal.swift; sourceTree = "<group>"; };
		9286EEC51D42810F0078FA55 /* RelayInstrument.swift */ = {isa = PBXFileReference; fileEncoding = 4; lastKnownFileType = sourcecode.swift; path = RelayInstrument.swift; sourceTree = "<group>"; };
		9286EEC81D4281F70078FA55 /* CurrentInstrument.swift */ = {isa = PBXFileReference; fileEncoding = 4; lastKnownFileType = sourcecode.swift; path = CurrentInstrument.swift; sourceTree = "<group>"; };
		9286EECA1D4284150078FA55 /* BatteryInstrument.swift */ = {isa = PBXFileReference; fileEncoding = 4; lastKnownFileType = sourcecode.swift; path = BatteryInstrument.swift; sourceTree = "<group>"; };
		9286EECC1D428CE00078FA55 /* ColorInstrumentTests.swift */ = {isa = PBXFileReference; fileEncoding = 4; lastKnownFileType = sourcecode.swift; path = ColorInstrumentTests.swift; sourceTree = "<group>"; };
		9286EECE1D428D0E0078FA55 /* MockPortal.swift */ = {isa = PBXFileReference; fileEncoding = 4; lastKnownFileType = sourcecode.swift; path = MockPortal.swift; sourceTree = "<group>"; };
		9286EED01D428D4E0078FA55 /* MockUSBHIDDevice.swift */ = {isa = PBXFileReference; fileEncoding = 4; lastKnownFileType = sourcecode.swift; path = MockUSBHIDDevice.swift; sourceTree = "<group>"; };
		9286EEE71D4292410078FA55 /* IndicatorInstrumentTests.swift */ = {isa = PBXFileReference; fileEncoding = 4; lastKnownFileType = sourcecode.swift; path = IndicatorInstrumentTests.swift; sourceTree = "<group>"; };
		9286EEE91D42948E0078FA55 /* RelayInstrumentTests.swift */ = {isa = PBXFileReference; fileEncoding = 4; lastKnownFileType = sourcecode.swift; path = RelayInstrumentTests.swift; sourceTree = "<group>"; };
		9286EEEB1D4294DA0078FA55 /* CurrentInstrumentTests.swift */ = {isa = PBXFileReference; fileEncoding = 4; lastKnownFileType = sourcecode.swift; path = CurrentInstrumentTests.swift; sourceTree = "<group>"; };
		9286EEED1D42954C0078FA55 /* BatteryInstrumentTests.swift */ = {isa = PBXFileReference; fileEncoding = 4; lastKnownFileType = sourcecode.swift; path = BatteryInstrumentTests.swift; sourceTree = "<group>"; };
		9286EEEF1D42A3AD0078FA55 /* PortalTests.swift */ = {isa = PBXFileReference; fileEncoding = 4; lastKnownFileType = sourcecode.swift; path = PortalTests.swift; sourceTree = "<group>"; };
		9286EEF51D42B4470078FA55 /* VoltageInstrument.swift */ = {isa = PBXFileReference; fileEncoding = 4; lastKnownFileType = sourcecode.swift; path = VoltageInstrument.swift; sourceTree = "<group>"; };
		9286EEF71D42B5370078FA55 /* VoltageInstrumentTests.swift */ = {isa = PBXFileReference; fileEncoding = 4; lastKnownFileType = sourcecode.swift; path = VoltageInstrumentTests.swift; sourceTree = "<group>"; };
		9289509E1D4A89E7005A5F55 /* USBHIDFinder.swift */ = {isa = PBXFileReference; fileEncoding = 4; lastKnownFileType = sourcecode.swift; path = USBHIDFinder.swift; sourceTree = "<group>"; };
		929F8A941D9ED119001AF2A2 /* MockInstrumentManager.swift */ = {isa = PBXFileReference; fileEncoding = 4; lastKnownFileType = sourcecode.swift; path = MockInstrumentManager.swift; sourceTree = "<group>"; };
		92A10B831D70B605006B708E /* StorageInstrument.swift */ = {isa = PBXFileReference; fileEncoding = 4; lastKnownFileType = sourcecode.swift; path = StorageInstrument.swift; sourceTree = "<group>"; };
		92B3BEAF1D3FE3D900EBBCF7 /* Instrument.swift */ = {isa = PBXFileReference; fileEncoding = 4; lastKnownFileType = sourcecode.swift; path = Instrument.swift; sourceTree = "<group>"; };
		92BED9AE1D88CE94007E8176 /* FileSystemTests.swift */ = {isa = PBXFileReference; fileEncoding = 4; lastKnownFileType = sourcecode.swift; path = FileSystemTests.swift; sourceTree = "<group>"; };
		92BED9B01D88CF3B007E8176 /* MockStorageInstrument.swift */ = {isa = PBXFileReference; fileEncoding = 4; lastKnownFileType = sourcecode.swift; path = MockStorageInstrument.swift; sourceTree = "<group>"; };
		92BFEC9A1D3E6F6B00C2481A /* Portal.swift */ = {isa = PBXFileReference; fileEncoding = 4; lastKnownFileType = sourcecode.swift; path = Portal.swift; sourceTree = "<group>"; };
		92E755B01D70C49A00B45C6D /* StorageInstrumentTests.swift */ = {isa = PBXFileReference; fileEncoding = 4; lastKnownFileType = sourcecode.swift; path = StorageInstrumentTests.swift; sourceTree = "<group>"; };
		92F647061EC1603F003A7027 /* IntelHex.swift */ = {isa = PBXFileReference; fileEncoding = 4; lastKnownFileType = sourcecode.swift; path = IntelHex.swift; sourceTree = "<group>"; };
		92F647071EC1603F003A7027 /* IntelHexFormatter.swift */ = {isa = PBXFileReference; fileEncoding = 4; lastKnownFileType = sourcecode.swift; path = IntelHexFormatter.swift; sourceTree = "<group>"; };
		92F647081EC1603F003A7027 /* IntelHexParser.swift */ = {isa = PBXFileReference; fileEncoding = 4; lastKnownFileType = sourcecode.swift; path = IntelHexParser.swift; sourceTree = "<group>"; };
		92F9E3641D37E9EA00F16833 /* Detour.swift */ = {isa = PBXFileReference; fileEncoding = 4; lastKnownFileType = sourcecode.swift; path = Detour.swift; sourceTree = "<group>"; };
		92F9E3671D37F1DE00F16833 /* Binary.swift */ = {isa = PBXFileReference; fileEncoding = 4; lastKnownFileType = sourcecode.swift; path = Binary.swift; sourceTree = "<group>"; };
		92F9E36C1D38491600F16833 /* fd_ieee754.c */ = {isa = PBXFileReference; fileEncoding = 4; lastKnownFileType = sourcecode.c.c; path = fd_ieee754.c; sourceTree = "<group>"; };
		92F9E36D1D38491600F16833 /* fd_ieee754.h */ = {isa = PBXFileReference; fileEncoding = 4; lastKnownFileType = sourcecode.c.h; path = fd_ieee754.h; sourceTree = "<group>"; };
/* End PBXFileReference section */

/* Begin PBXFrameworksBuildPhase section */
		9272D94F1D36D29D00830CF5 /* Frameworks */ = {
			isa = PBXFrameworksBuildPhase;
			buildActionMask = 2147483647;
			files = (
				9272D9851D36D39200830CF5 /* ARMSerialWireDebug.framework in Frameworks */,
			);
			runOnlyForDeploymentPostprocessing = 0;
		};
		9272D95A1D36D29D00830CF5 /* Frameworks */ = {
			isa = PBXFrameworksBuildPhase;
			buildActionMask = 2147483647;
			files = (
				9272D95E1D36D29D00830CF5 /* FireflyInstruments.framework in Frameworks */,
			);
			runOnlyForDeploymentPostprocessing = 0;
		};
/* End PBXFrameworksBuildPhase section */

/* Begin PBXGroup section */
		920BD7FA216E63EA00C23D13 /* User Interface */ = {
			isa = PBXGroup;
			children = (
				920BD7FC216E641400C23D13 /* FireflyInstrumentsViewController.swift */,
				924818CE219F2053006FBC95 /* CurrentChart.swift */,
			);
			name = "User Interface";
			sourceTree = "<group>";
		};
		920CA8AC1D494D1100661E38 /* Instruments */ = {
			isa = PBXGroup;
			children = (
				9286EECA1D4284150078FA55 /* BatteryInstrument.swift */,
				920DFFF31D39406200E92859 /* ColorInstrument.swift */,
				9286EEC81D4281F70078FA55 /* CurrentInstrument.swift */,
				924B6B541D418284000CBAB7 /* IndicatorInstrument.swift */,
				9286EEC51D42810F0078FA55 /* RelayInstrument.swift */,
				9272D98D1D36D45F00830CF5 /* SerialWireInstrument.swift */,
				9286EEF51D42B4470078FA55 /* VoltageInstrument.swift */,
				92A10B831D70B605006B708E /* StorageInstrument.swift */,
			);
			name = Instruments;
			sourceTree = "<group>";
		};
		920CA8AE1D494F2E00661E38 /* Manager */ = {
			isa = PBXGroup;
			children = (
				92B3BEAF1D3FE3D900EBBCF7 /* Instrument.swift */,
				9272D98F1D36D51C00830CF5 /* InstrumentManager.swift */,
				927D13E91D3EC61A00466EE8 /* InstrumentPortal.swift */,
				924B6B571D4184BC000CBAB7 /* InternalInstrument.swift */,
				92BFEC9A1D3E6F6B00C2481A /* Portal.swift */,
			);
			name = Manager;
			sourceTree = "<group>";
		};
		920CA8AF1D494F6300661E38 /* Manager */ = {
			isa = PBXGroup;
			children = (
				9279052A1D3E909600623816 /* InstrumentManagerTests.swift */,
				9286EEEF1D42A3AD0078FA55 /* PortalTests.swift */,
			);
			name = Manager;
			sourceTree = "<group>";
		};
		920CA8B01D494F7500661E38 /* Instruments */ = {
			isa = PBXGroup;
			children = (
				9286EEED1D42954C0078FA55 /* BatteryInstrumentTests.swift */,
				9286EECC1D428CE00078FA55 /* ColorInstrumentTests.swift */,
				9286EEEB1D4294DA0078FA55 /* CurrentInstrumentTests.swift */,
				9286EEE71D4292410078FA55 /* IndicatorInstrumentTests.swift */,
				9286EEE91D42948E0078FA55 /* RelayInstrumentTests.swift */,
				927905271D3E732800623816 /* SerialWireInstrumentTests.swift */,
				9286EEF71D42B5370078FA55 /* VoltageInstrumentTests.swift */,
				92E755B01D70C49A00B45C6D /* StorageInstrumentTests.swift */,
			);
			name = Instruments;
			sourceTree = "<group>";
		};
		920CA8B11D494F9200661E38 /* Mocks */ = {
			isa = PBXGroup;
			children = (
				9286EECE1D428D0E0078FA55 /* MockPortal.swift */,
				9286EED01D428D4E0078FA55 /* MockUSBHIDDevice.swift */,
				92BED9B01D88CF3B007E8176 /* MockStorageInstrument.swift */,
				929F8A941D9ED119001AF2A2 /* MockInstrumentManager.swift */,
			);
			name = Mocks;
			sourceTree = "<group>";
		};
		920DFFF51D3943EC00E92859 /* Common */ = {
			isa = PBXGroup;
			children = (
				92F647041EC1601C003A7027 /* Firmware Formats */,
				924431421D3FBB8A00F03EAC /* Data */,
				924431431D3FBBFA00F03EAC /* Private */,
				924431391D3FB52A00F03EAC /* USB */,
			);
			name = Common;
			sourceTree = "<group>";
		};
		920DFFF61D39441600E92859 /* Configuration */ = {
			isa = PBXGroup;
			children = (
				9272D9561D36D29D00830CF5 /* FireflyInstruments.h */,
				9272D9581D36D29D00830CF5 /* Info.plist */,
			);
			name = Configuration;
			sourceTree = "<group>";
		};
		920E63CC216F9346002C2684 /* Container */ = {
			isa = PBXGroup;
			children = (
				9279BD3A216E5D5E00EEEC92 /* Presenter.swift */,
				9279BD38216E5D5E00EEEC92 /* Runner.swift */,
				9279BD3C216E5D5E00EEEC92 /* Script.swift */,
			);
			name = Container;
			sourceTree = "<group>";
		};
		920E63CD216F9379002C2684 /* Scripts */ = {
			isa = PBXGroup;
			children = (
				9279BD3D216E5D5E00EEEC92 /* BatteryPowerScript.swift */,
				9279BD36216E5D5E00EEEC92 /* FixtureScript.swift */,
				9279BD30216E5D5E00EEEC92 /* IdentifyScript.swift */,
				9279BD35216E5D5E00EEEC92 /* ProgramScript.swift */,
				9279BD3B216E5D5E00EEEC92 /* QuiescentScript.swift */,
				9279BD2C216E5D5E00EEEC92 /* SerialWireDebugScript.swift */,
				925C219E218A3466000347AA /* UsbPowerScript.swift */,
				924818D3219F2334006FBC95 /* CurrentTimelineScript.swift */,
			);
			name = Scripts;
			sourceTree = "<group>";
		};
		920E63CE216F93CB002C2684 /* Utilities */ = {
			isa = PBXGroup;
			children = (
				9279BD2E216E5D5E00EEEC92 /* Fixture.swift */,
				9279BD2F216E5D5E00EEEC92 /* Heap.swift */,
				9279BD34216E5D5E00EEEC92 /* Programmer.swift */,
				924818D5219F29C3006FBC95 /* Semaphore.swift */,
			);
			name = Utilities;
			sourceTree = "<group>";
		};
		920E63CF216F93E3002C2684 /* Mixins */ = {
			isa = PBXGroup;
			children = (
				920E63AF216E8778002C2684 /* FireflyDesignGpio.swift */,
				920E63B1216E8DB8002C2684 /* FireflyDesignI2cm.swift */,
				920E63B3216E93E2002C2684 /* FireflyDesignBq25120.swift */,
				920E63B5216EAEEA002C2684 /* FireflyDesignSpim.swift */,
				920E63B7216EB005002C2684 /* FireflyDesignSpimFlash.swift */,
				920E63B9216EB0D3002C2684 /* FireflyDesignLsm6dsl.swift */,
				920E63BB216EB2D4002C2684 /* FireflyDesignPwm.swift */,
				920E63C2216F8E57002C2684 /* FireflyDesignCrystal.swift */,
				920E63C8216F922D002C2684 /* FireflyDesignSwdRpc.swift */,
			);
			name = Mixins;
			sourceTree = "<group>";
		};
		924431391D3FB52A00F03EAC /* USB */ = {
			isa = PBXGroup;
			children = (
				9244313B1D3FB71E00F03EAC /* HID */,
			);
			name = USB;
			sourceTree = "<group>";
		};
		9244313B1D3FB71E00F03EAC /* HID */ = {
			isa = PBXGroup;
			children = (
				9244313E1D3FB94400F03EAC /* USBHIDDevice.h */,
				9244313F1D3FB94400F03EAC /* USBHIDDevice.m */,
				9244314E1D3FC71600F03EAC /* USBHIDDevice_Private.h */,
				9244314A1D3FC11B00F03EAC /* USBHIDMonitor.h */,
				9244314B1D3FC11C00F03EAC /* USBHIDMonitor.m */,
				9289509E1D4A89E7005A5F55 /* USBHIDFinder.swift */,
			);
			name = HID;
			sourceTree = "<group>";
		};
		924431421D3FBB8A00F03EAC /* Data */ = {
			isa = PBXGroup;
			children = (
				92F9E3671D37F1DE00F16833 /* Binary.swift */,
				92F9E3641D37E9EA00F16833 /* Detour.swift */,
				9255D6421D3D9EFC00655D79 /* DetourSource.swift */,
				92F9E36C1D38491600F16833 /* fd_ieee754.c */,
				92F9E36D1D38491600F16833 /* fd_ieee754.h */,
			);
			name = Data;
			sourceTree = "<group>";
		};
		924431431D3FBBFA00F03EAC /* Private */ = {
			isa = PBXGroup;
			children = (
				924431461D3FBC2300F03EAC /* FDError.h */,
				924431471D3FBC2300F03EAC /* FDError.m */,
			);
			name = Private;
			sourceTree = "<group>";
		};
		9264A83C216E735000D2943F /* Firmware */ = {
			isa = PBXGroup;
			children = (
				9264A841216E736D00D2943F /* fd_quiescent_test_apollo.hex */,
				9264A83E216E736D00D2943F /* fd_quiescent_test_nrf5.hex */,
				9264A83F216E736D00D2943F /* fd_test_suite_apollo.elf */,
				9264A840216E736D00D2943F /* fd_test_suite_nrf5.elf */,
			);
			name = Firmware;
			sourceTree = "<group>";
		};
		926CE08E1D71F7B4000E5A70 /* Utilities */ = {
			isa = PBXGroup;
			children = (
				926CE0901D71F7E2000E5A70 /* FileSystem.swift */,
				9254ECFC210106C900D96FA7 /* FireflyFlashExport.swift */,
			);
			name = Utilities;
			sourceTree = "<group>";
		};
		9272D9491D36D29D00830CF5 = {
			isa = PBXGroup;
			children = (
				9272D97A1D36D37F00830CF5 /* ARMSerialWireDebug.xcodeproj */,
				9272D9551D36D29D00830CF5 /* FireflyInstruments */,
				9272D9611D36D29D00830CF5 /* FireflyInstrumentsTests */,
				9272D9541D36D29D00830CF5 /* Products */,
			);
			sourceTree = "<group>";
		};
		9272D9541D36D29D00830CF5 /* Products */ = {
			isa = PBXGroup;
			children = (
				9272D9531D36D29D00830CF5 /* FireflyInstruments.framework */,
				9272D95D1D36D29D00830CF5 /* FireflyInstrumentsTests.xctest */,
			);
			name = Products;
			sourceTree = "<group>";
		};
		9272D9551D36D29D00830CF5 /* FireflyInstruments */ = {
			isa = PBXGroup;
			children = (
				920BD7FA216E63EA00C23D13 /* User Interface */,
				9279BD2A216E5D3500EEEC92 /* Scripting */,
				926CE08E1D71F7B4000E5A70 /* Utilities */,
				920CA8AE1D494F2E00661E38 /* Manager */,
				920CA8AC1D494D1100661E38 /* Instruments */,
				920DFFF51D3943EC00E92859 /* Common */,
				920DFFF61D39441600E92859 /* Configuration */,
			);
			path = FireflyInstruments;
			sourceTree = "<group>";
		};
		9272D9611D36D29D00830CF5 /* FireflyInstrumentsTests */ = {
			isa = PBXGroup;
			children = (
				92BED9AC1D88CE73007E8176 /* Utilities */,
				920CA8B11D494F9200661E38 /* Mocks */,
				920CA8B01D494F7500661E38 /* Instruments */,
				920CA8AF1D494F6300661E38 /* Manager */,
				9286EEF91D42BF040078FA55 /* Common */,
				9286EEF11D42A48E0078FA55 /* Configuration */,
			);
			path = FireflyInstrumentsTests;
			sourceTree = "<group>";
		};
		9272D97B1D36D37F00830CF5 /* Products */ = {
			isa = PBXGroup;
			children = (
				9272D9801D36D37F00830CF5 /* ARMSerialWireDebug.framework */,
				9272D9821D36D37F00830CF5 /* ARMSerialWireDebugTests.xctest */,
			);
			name = Products;
			sourceTree = "<group>";
		};
		9279BD2A216E5D3500EEEC92 /* Scripting */ = {
			isa = PBXGroup;
			children = (
				920E63CF216F93E3002C2684 /* Mixins */,
				920E63CE216F93CB002C2684 /* Utilities */,
				920E63CD216F9379002C2684 /* Scripts */,
				920E63CC216F9346002C2684 /* Container */,
				9264A83C216E735000D2943F /* Firmware */,
			);
			name = Scripting;
			sourceTree = "<group>";
		};
		9286EEF11D42A48E0078FA55 /* Configuration */ = {
			isa = PBXGroup;
			children = (
				9272D9641D36D29D00830CF5 /* Info.plist */,
			);
			name = Configuration;
			sourceTree = "<group>";
		};
		9286EEF91D42BF040078FA55 /* Common */ = {
			isa = PBXGroup;
			children = (
				9286EEFA1D42BF0A0078FA55 /* Data */,
			);
			name = Common;
			sourceTree = "<group>";
		};
		9286EEFA1D42BF0A0078FA55 /* Data */ = {
			isa = PBXGroup;
			children = (
				920DFFF01D39356D00E92859 /* BinaryTests.swift */,
				9255D6451D3DBA3E00655D79 /* DetourSourceTests.swift */,
				927795D21D397DFE000D7CFE /* DetourTests.swift */,
			);
			name = Data;
			sourceTree = "<group>";
		};
		92BED9AC1D88CE73007E8176 /* Utilities */ = {
			isa = PBXGroup;
			children = (
				92BED9AE1D88CE94007E8176 /* FileSystemTests.swift */,
			);
			name = Utilities;
			sourceTree = "<group>";
		};
		92F647041EC1601C003A7027 /* Firmware Formats */ = {
			isa = PBXGroup;
			children = (
				92F647061EC1603F003A7027 /* IntelHex.swift */,
				92F647071EC1603F003A7027 /* IntelHexFormatter.swift */,
				92F647081EC1603F003A7027 /* IntelHexParser.swift */,
			);
			name = "Firmware Formats";
			sourceTree = "<group>";
		};
/* End PBXGroup section */

/* Begin PBXHeadersBuildPhase section */
		9272D9501D36D29D00830CF5 /* Headers */ = {
			isa = PBXHeadersBuildPhase;
			buildActionMask = 2147483647;
			files = (
				9272D9571D36D29D00830CF5 /* FireflyInstruments.h in Headers */,
				9244314C1D3FC11C00F03EAC /* USBHIDMonitor.h in Headers */,
				92F9E36F1D38491600F16833 /* fd_ieee754.h in Headers */,
				924431401D3FB94400F03EAC /* USBHIDDevice.h in Headers */,
				924431481D3FBC2300F03EAC /* FDError.h in Headers */,
			);
			runOnlyForDeploymentPostprocessing = 0;
		};
/* End PBXHeadersBuildPhase section */

/* Begin PBXNativeTarget section */
		9272D9521D36D29D00830CF5 /* FireflyInstruments */ = {
			isa = PBXNativeTarget;
			buildConfigurationList = 9272D9671D36D29D00830CF5 /* Build configuration list for PBXNativeTarget "FireflyInstruments" */;
			buildPhases = (
				9272D94E1D36D29D00830CF5 /* Sources */,
				9272D94F1D36D29D00830CF5 /* Frameworks */,
				9272D9501D36D29D00830CF5 /* Headers */,
				9272D9511D36D29D00830CF5 /* Resources */,
			);
			buildRules = (
			);
			dependencies = (
				9272D9841D36D38C00830CF5 /* PBXTargetDependency */,
			);
			name = FireflyInstruments;
			productName = FireflyInstruments;
			productReference = 9272D9531D36D29D00830CF5 /* FireflyInstruments.framework */;
			productType = "com.apple.product-type.framework";
		};
		9272D95C1D36D29D00830CF5 /* FireflyInstrumentsTests */ = {
			isa = PBXNativeTarget;
			buildConfigurationList = 9272D96A1D36D29D00830CF5 /* Build configuration list for PBXNativeTarget "FireflyInstrumentsTests" */;
			buildPhases = (
				9272D9591D36D29D00830CF5 /* Sources */,
				9272D95A1D36D29D00830CF5 /* Frameworks */,
				9272D95B1D36D29D00830CF5 /* Resources */,
			);
			buildRules = (
			);
			dependencies = (
				9272D9601D36D29D00830CF5 /* PBXTargetDependency */,
			);
			name = FireflyInstrumentsTests;
			productName = FireflyInstrumentsTests;
			productReference = 9272D95D1D36D29D00830CF5 /* FireflyInstrumentsTests.xctest */;
			productType = "com.apple.product-type.bundle.unit-test";
		};
/* End PBXNativeTarget section */

/* Begin PBXProject section */
		9272D94A1D36D29D00830CF5 /* Project object */ = {
			isa = PBXProject;
			attributes = {
				LastSwiftUpdateCheck = 0730;
				LastUpgradeCheck = 1230;
				ORGANIZATIONNAME = "Firefly Design LLC";
				TargetAttributes = {
					9272D9521D36D29D00830CF5 = {
						CreatedOnToolsVersion = 7.3.1;
						LastSwiftMigration = 1150;
					};
					9272D95C1D36D29D00830CF5 = {
						CreatedOnToolsVersion = 7.3.1;
						LastSwiftMigration = 0920;
					};
				};
			};
			buildConfigurationList = 9272D94D1D36D29D00830CF5 /* Build configuration list for PBXProject "FireflyInstruments" */;
			compatibilityVersion = "Xcode 3.2";
			developmentRegion = en;
			hasScannedForEncodings = 0;
			knownRegions = (
				en,
				Base,
			);
			mainGroup = 9272D9491D36D29D00830CF5;
			productRefGroup = 9272D9541D36D29D00830CF5 /* Products */;
			projectDirPath = "";
			projectReferences = (
				{
					ProductGroup = 9272D97B1D36D37F00830CF5 /* Products */;
					ProjectRef = 9272D97A1D36D37F00830CF5 /* ARMSerialWireDebug.xcodeproj */;
				},
			);
			projectRoot = "";
			targets = (
				9272D9521D36D29D00830CF5 /* FireflyInstruments */,
				9272D95C1D36D29D00830CF5 /* FireflyInstrumentsTests */,
			);
		};
/* End PBXProject section */

/* Begin PBXReferenceProxy section */
		9272D9801D36D37F00830CF5 /* ARMSerialWireDebug.framework */ = {
			isa = PBXReferenceProxy;
			fileType = wrapper.framework;
			path = ARMSerialWireDebug.framework;
			remoteRef = 9272D97F1D36D37F00830CF5 /* PBXContainerItemProxy */;
			sourceTree = BUILT_PRODUCTS_DIR;
		};
		9272D9821D36D37F00830CF5 /* ARMSerialWireDebugTests.xctest */ = {
			isa = PBXReferenceProxy;
			fileType = wrapper.cfbundle;
			path = ARMSerialWireDebugTests.xctest;
			remoteRef = 9272D9811D36D37F00830CF5 /* PBXContainerItemProxy */;
			sourceTree = BUILT_PRODUCTS_DIR;
		};
/* End PBXReferenceProxy section */

/* Begin PBXResourcesBuildPhase section */
		9272D9511D36D29D00830CF5 /* Resources */ = {
			isa = PBXResourcesBuildPhase;
			buildActionMask = 2147483647;
			files = (
				9264A842216E736D00D2943F /* fd_quiescent_test_nrf5.hex in Resources */,
				9264A843216E736D00D2943F /* fd_test_suite_apollo.elf in Resources */,
				9264A845216E736D00D2943F /* fd_quiescent_test_apollo.hex in Resources */,
				9264A844216E736D00D2943F /* fd_test_suite_nrf5.elf in Resources */,
			);
			runOnlyForDeploymentPostprocessing = 0;
		};
		9272D95B1D36D29D00830CF5 /* Resources */ = {
			isa = PBXResourcesBuildPhase;
			buildActionMask = 2147483647;
			files = (
			);
			runOnlyForDeploymentPostprocessing = 0;
		};
/* End PBXResourcesBuildPhase section */

/* Begin PBXSourcesBuildPhase section */
		9272D94E1D36D29D00830CF5 /* Sources */ = {
			isa = PBXSourcesBuildPhase;
			buildActionMask = 2147483647;
			files = (
				920BD7FD216E641400C23D13 /* FireflyInstrumentsViewController.swift in Sources */,
				9254ECFD210106C900D96FA7 /* FireflyFlashExport.swift in Sources */,
				9272D9901D36D51C00830CF5 /* InstrumentManager.swift in Sources */,
				9279BD47216E5D5E00EEEC92 /* ProgramScript.swift in Sources */,
				9289509F1D4A89E7005A5F55 /* USBHIDFinder.swift in Sources */,
				924431491D3FBC2300F03EAC /* FDError.m in Sources */,
				92B3BEB01D3FE3D900EBBCF7 /* Instrument.swift in Sources */,
				92BFEC9B1D3E6F6B00C2481A /* Portal.swift in Sources */,
				9286EEC91D4281F70078FA55 /* CurrentInstrument.swift in Sources */,
				92F6470B1EC1603F003A7027 /* IntelHexParser.swift in Sources */,
				9279BD4A216E5D5E00EEEC92 /* Runner.swift in Sources */,
				9279BD46216E5D5E00EEEC92 /* Programmer.swift in Sources */,
				9279BD42216E5D5E00EEEC92 /* IdentifyScript.swift in Sources */,
				924431411D3FB94400F03EAC /* USBHIDDevice.m in Sources */,
				92F9E3651D37E9EA00F16833 /* Detour.swift in Sources */,
				9279BD48216E5D5E00EEEC92 /* FixtureScript.swift in Sources */,
				924818D0219F2053006FBC95 /* CurrentChart.swift in Sources */,
				9286EEC61D42810F0078FA55 /* RelayInstrument.swift in Sources */,
				9279BD4E216E5D5E00EEEC92 /* Script.swift in Sources */,
				920E63C9216F922D002C2684 /* FireflyDesignSwdRpc.swift in Sources */,
				9286EECB1D4284150078FA55 /* BatteryInstrument.swift in Sources */,
				920E63B2216E8DB8002C2684 /* FireflyDesignI2cm.swift in Sources */,
				9279BD4D216E5D5E00EEEC92 /* QuiescentScript.swift in Sources */,
				9279BD4F216E5D5E00EEEC92 /* BatteryPowerScript.swift in Sources */,
				924B6B551D418284000CBAB7 /* IndicatorInstrument.swift in Sources */,
				9279BD3E216E5D5E00EEEC92 /* SerialWireDebugScript.swift in Sources */,
				9255D6431D3D9EFC00655D79 /* DetourSource.swift in Sources */,
				9286EEF61D42B4470078FA55 /* VoltageInstrument.swift in Sources */,
				925C219F218A3466000347AA /* UsbPowerScript.swift in Sources */,
				927D13EA1D3EC61A00466EE8 /* InstrumentPortal.swift in Sources */,
				924818D6219F29C3006FBC95 /* Semaphore.swift in Sources */,
				92F9E3681D37F1DE00F16833 /* Binary.swift in Sources */,
				92F9E36E1D38491600F16833 /* fd_ieee754.c in Sources */,
				92A10B841D70B605006B708E /* StorageInstrument.swift in Sources */,
				9279BD41216E5D5E00EEEC92 /* Heap.swift in Sources */,
				924818D4219F2334006FBC95 /* CurrentTimelineScript.swift in Sources */,
				924B6B581D4184BC000CBAB7 /* InternalInstrument.swift in Sources */,
				926CE0911D71F7E2000E5A70 /* FileSystem.swift in Sources */,
				920E63B8216EB005002C2684 /* FireflyDesignSpimFlash.swift in Sources */,
				92F647091EC1603F003A7027 /* IntelHex.swift in Sources */,
				920E63B0216E8778002C2684 /* FireflyDesignGpio.swift in Sources */,
				920E63B4216E93E2002C2684 /* FireflyDesignBq25120.swift in Sources */,
				920E63C3216F8E57002C2684 /* FireflyDesignCrystal.swift in Sources */,
				9279BD4C216E5D5E00EEEC92 /* Presenter.swift in Sources */,
				9244314D1D3FC11C00F03EAC /* USBHIDMonitor.m in Sources */,
				9272D98E1D36D45F00830CF5 /* SerialWireInstrument.swift in Sources */,
				920DFFF41D39406200E92859 /* ColorInstrument.swift in Sources */,
				920E63BC216EB2D4002C2684 /* FireflyDesignPwm.swift in Sources */,
				9279BD40216E5D5E00EEEC92 /* Fixture.swift in Sources */,
				920E63BA216EB0D3002C2684 /* FireflyDesignLsm6dsl.swift in Sources */,
				920E63B6216EAEEA002C2684 /* FireflyDesignSpim.swift in Sources */,
				92F6470A1EC1603F003A7027 /* IntelHexFormatter.swift in Sources */,
			);
			runOnlyForDeploymentPostprocessing = 0;
		};
		9272D9591D36D29D00830CF5 /* Sources */ = {
			isa = PBXSourcesBuildPhase;
			buildActionMask = 2147483647;
			files = (
				9286EEEE1D42954C0078FA55 /* BatteryInstrumentTests.swift in Sources */,
				9279052B1D3E909600623816 /* InstrumentManagerTests.swift in Sources */,
				920DFFF11D39356D00E92859 /* BinaryTests.swift in Sources */,
				9255D6461D3DBA3E00655D79 /* DetourSourceTests.swift in Sources */,
				927795D31D397DFE000D7CFE /* DetourTests.swift in Sources */,
				9286EEE81D4292410078FA55 /* IndicatorInstrumentTests.swift in Sources */,
				927905281D3E732800623816 /* SerialWireInstrumentTests.swift in Sources */,
				9286EEEA1D42948E0078FA55 /* RelayInstrumentTests.swift in Sources */,
				92BED9B11D88CF3B007E8176 /* MockStorageInstrument.swift in Sources */,
				92BED9AF1D88CE94007E8176 /* FileSystemTests.swift in Sources */,
				9286EEEC1D4294DA0078FA55 /* CurrentInstrumentTests.swift in Sources */,
				9286EECD1D428CE00078FA55 /* ColorInstrumentTests.swift in Sources */,
				9286EEF01D42A3AD0078FA55 /* PortalTests.swift in Sources */,
				9286EED11D428D4E0078FA55 /* MockUSBHIDDevice.swift in Sources */,
				929F8A951D9ED119001AF2A2 /* MockInstrumentManager.swift in Sources */,
				9286EECF1D428D0E0078FA55 /* MockPortal.swift in Sources */,
				92E755B11D70C49A00B45C6D /* StorageInstrumentTests.swift in Sources */,
				9286EEF81D42B5370078FA55 /* VoltageInstrumentTests.swift in Sources */,
			);
			runOnlyForDeploymentPostprocessing = 0;
		};
/* End PBXSourcesBuildPhase section */

/* Begin PBXTargetDependency section */
		9272D9601D36D29D00830CF5 /* PBXTargetDependency */ = {
			isa = PBXTargetDependency;
			target = 9272D9521D36D29D00830CF5 /* FireflyInstruments */;
			targetProxy = 9272D95F1D36D29D00830CF5 /* PBXContainerItemProxy */;
		};
		9272D9841D36D38C00830CF5 /* PBXTargetDependency */ = {
			isa = PBXTargetDependency;
			name = ARMSerialWireDebug;
			targetProxy = 9272D9831D36D38C00830CF5 /* PBXContainerItemProxy */;
		};
/* End PBXTargetDependency section */

/* Begin XCBuildConfiguration section */
		9272D9651D36D29D00830CF5 /* Debug */ = {
			isa = XCBuildConfiguration;
			buildSettings = {
				ALWAYS_SEARCH_USER_PATHS = NO;
				CLANG_ANALYZER_LOCALIZABILITY_NONLOCALIZED = YES;
				CLANG_ANALYZER_NONNULL = YES;
				CLANG_CXX_LANGUAGE_STANDARD = "gnu++0x";
				CLANG_CXX_LIBRARY = "libc++";
				CLANG_ENABLE_MODULES = YES;
				CLANG_ENABLE_OBJC_ARC = YES;
				CLANG_WARN_BLOCK_CAPTURE_AUTORELEASING = YES;
				CLANG_WARN_BOOL_CONVERSION = YES;
				CLANG_WARN_COMMA = YES;
				CLANG_WARN_CONSTANT_CONVERSION = YES;
				CLANG_WARN_DEPRECATED_OBJC_IMPLEMENTATIONS = YES;
				CLANG_WARN_DIRECT_OBJC_ISA_USAGE = YES_ERROR;
				CLANG_WARN_EMPTY_BODY = YES;
				CLANG_WARN_ENUM_CONVERSION = YES;
				CLANG_WARN_INFINITE_RECURSION = YES;
				CLANG_WARN_INT_CONVERSION = YES;
				CLANG_WARN_NON_LITERAL_NULL_CONVERSION = YES;
				CLANG_WARN_OBJC_IMPLICIT_RETAIN_SELF = YES;
				CLANG_WARN_OBJC_LITERAL_CONVERSION = YES;
				CLANG_WARN_OBJC_ROOT_CLASS = YES_ERROR;
				CLANG_WARN_QUOTED_INCLUDE_IN_FRAMEWORK_HEADER = YES;
				CLANG_WARN_RANGE_LOOP_ANALYSIS = YES;
				CLANG_WARN_STRICT_PROTOTYPES = YES;
				CLANG_WARN_SUSPICIOUS_MOVE = YES;
				CLANG_WARN_UNREACHABLE_CODE = YES;
				CLANG_WARN__DUPLICATE_METHOD_MATCH = YES;
				CODE_SIGN_IDENTITY = "-";
				COPY_PHASE_STRIP = NO;
				CURRENT_PROJECT_VERSION = 1;
				DEBUG_INFORMATION_FORMAT = dwarf;
				ENABLE_STRICT_OBJC_MSGSEND = YES;
				ENABLE_TESTABILITY = YES;
				GCC_C_LANGUAGE_STANDARD = gnu99;
				GCC_DYNAMIC_NO_PIC = NO;
				GCC_NO_COMMON_BLOCKS = YES;
				GCC_OPTIMIZATION_LEVEL = 0;
				GCC_PREPROCESSOR_DEFINITIONS = (
					"DEBUG=1",
					"$(inherited)",
				);
				GCC_WARN_64_TO_32_BIT_CONVERSION = YES;
				GCC_WARN_ABOUT_RETURN_TYPE = YES_ERROR;
				GCC_WARN_UNDECLARED_SELECTOR = YES;
				GCC_WARN_UNINITIALIZED_AUTOS = YES_AGGRESSIVE;
				GCC_WARN_UNUSED_FUNCTION = YES;
				GCC_WARN_UNUSED_VARIABLE = YES;
				MACOSX_DEPLOYMENT_TARGET = 10.11;
				MTL_ENABLE_DEBUG_INFO = YES;
				ONLY_ACTIVE_ARCH = YES;
				SDKROOT = macosx;
				SWIFT_OPTIMIZATION_LEVEL = "-Onone";
				VERSIONING_SYSTEM = "apple-generic";
				VERSION_INFO_PREFIX = "";
			};
			name = Debug;
		};
		9272D9661D36D29D00830CF5 /* Release */ = {
			isa = XCBuildConfiguration;
			buildSettings = {
				ALWAYS_SEARCH_USER_PATHS = NO;
				CLANG_ANALYZER_LOCALIZABILITY_NONLOCALIZED = YES;
				CLANG_ANALYZER_NONNULL = YES;
				CLANG_CXX_LANGUAGE_STANDARD = "gnu++0x";
				CLANG_CXX_LIBRARY = "libc++";
				CLANG_ENABLE_MODULES = YES;
				CLANG_ENABLE_OBJC_ARC = YES;
				CLANG_WARN_BLOCK_CAPTURE_AUTORELEASING = YES;
				CLANG_WARN_BOOL_CONVERSION = YES;
				CLANG_WARN_COMMA = YES;
				CLANG_WARN_CONSTANT_CONVERSION = YES;
				CLANG_WARN_DEPRECATED_OBJC_IMPLEMENTATIONS = YES;
				CLANG_WARN_DIRECT_OBJC_ISA_USAGE = YES_ERROR;
				CLANG_WARN_EMPTY_BODY = YES;
				CLANG_WARN_ENUM_CONVERSION = YES;
				CLANG_WARN_INFINITE_RECURSION = YES;
				CLANG_WARN_INT_CONVERSION = YES;
				CLANG_WARN_NON_LITERAL_NULL_CONVERSION = YES;
				CLANG_WARN_OBJC_IMPLICIT_RETAIN_SELF = YES;
				CLANG_WARN_OBJC_LITERAL_CONVERSION = YES;
				CLANG_WARN_OBJC_ROOT_CLASS = YES_ERROR;
				CLANG_WARN_QUOTED_INCLUDE_IN_FRAMEWORK_HEADER = YES;
				CLANG_WARN_RANGE_LOOP_ANALYSIS = YES;
				CLANG_WARN_STRICT_PROTOTYPES = YES;
				CLANG_WARN_SUSPICIOUS_MOVE = YES;
				CLANG_WARN_UNREACHABLE_CODE = YES;
				CLANG_WARN__DUPLICATE_METHOD_MATCH = YES;
				CODE_SIGN_IDENTITY = "-";
				COPY_PHASE_STRIP = NO;
				CURRENT_PROJECT_VERSION = 1;
				DEBUG_INFORMATION_FORMAT = "dwarf-with-dsym";
				ENABLE_NS_ASSERTIONS = NO;
				ENABLE_STRICT_OBJC_MSGSEND = YES;
				GCC_C_LANGUAGE_STANDARD = gnu99;
				GCC_NO_COMMON_BLOCKS = YES;
				GCC_WARN_64_TO_32_BIT_CONVERSION = YES;
				GCC_WARN_ABOUT_RETURN_TYPE = YES_ERROR;
				GCC_WARN_UNDECLARED_SELECTOR = YES;
				GCC_WARN_UNINITIALIZED_AUTOS = YES_AGGRESSIVE;
				GCC_WARN_UNUSED_FUNCTION = YES;
				GCC_WARN_UNUSED_VARIABLE = YES;
				MACOSX_DEPLOYMENT_TARGET = 10.11;
				MTL_ENABLE_DEBUG_INFO = NO;
				SDKROOT = macosx;
				SWIFT_OPTIMIZATION_LEVEL = "-Owholemodule";
				VERSIONING_SYSTEM = "apple-generic";
				VERSION_INFO_PREFIX = "";
			};
			name = Release;
		};
		9272D9681D36D29D00830CF5 /* Debug */ = {
			isa = XCBuildConfiguration;
			buildSettings = {
				CLANG_ENABLE_MODULES = YES;
				CODE_SIGN_IDENTITY = "";
				COMBINE_HIDPI_IMAGES = YES;
				DEFINES_MODULE = YES;
				DYLIB_COMPATIBILITY_VERSION = 1;
				DYLIB_CURRENT_VERSION = 1;
				DYLIB_INSTALL_NAME_BASE = "@rpath";
				FRAMEWORK_VERSION = A;
				INFOPLIST_FILE = FireflyInstruments/Info.plist;
				INSTALL_PATH = "$(LOCAL_LIBRARY_DIR)/Frameworks";
				LD_RUNPATH_SEARCH_PATHS = "$(inherited) @executable_path/../Frameworks @loader_path/Frameworks";
				PRODUCT_BUNDLE_IDENTIFIER = com.fireflydesign.FireflyInstruments;
				PRODUCT_NAME = "$(TARGET_NAME)";
				SKIP_INSTALL = YES;
				SWIFT_OPTIMIZATION_LEVEL = "-Onone";
				SWIFT_VERSION = 5.0;
			};
			name = Debug;
		};
		9272D9691D36D29D00830CF5 /* Release */ = {
			isa = XCBuildConfiguration;
			buildSettings = {
				CLANG_ENABLE_MODULES = YES;
				CODE_SIGN_IDENTITY = "";
				COMBINE_HIDPI_IMAGES = YES;
				DEFINES_MODULE = YES;
				DYLIB_COMPATIBILITY_VERSION = 1;
				DYLIB_CURRENT_VERSION = 1;
				DYLIB_INSTALL_NAME_BASE = "@rpath";
				FRAMEWORK_VERSION = A;
				INFOPLIST_FILE = FireflyInstruments/Info.plist;
				INSTALL_PATH = "$(LOCAL_LIBRARY_DIR)/Frameworks";
				LD_RUNPATH_SEARCH_PATHS = "$(inherited) @executable_path/../Frameworks @loader_path/Frameworks";
				PRODUCT_BUNDLE_IDENTIFIER = com.fireflydesign.FireflyInstruments;
				PRODUCT_NAME = "$(TARGET_NAME)";
				SKIP_INSTALL = YES;
				SWIFT_VERSION = 5.0;
			};
			name = Release;
		};
		9272D96B1D36D29D00830CF5 /* Debug */ = {
			isa = XCBuildConfiguration;
			buildSettings = {
				COMBINE_HIDPI_IMAGES = YES;
				INFOPLIST_FILE = FireflyInstrumentsTests/Info.plist;
				LD_RUNPATH_SEARCH_PATHS = "$(inherited) @executable_path/../Frameworks @loader_path/../Frameworks";
				PRODUCT_BUNDLE_IDENTIFIER = com.fireflydesign.FireflyInstrumentsTests;
				PRODUCT_NAME = "$(TARGET_NAME)";
				SWIFT_SWIFT3_OBJC_INFERENCE = Default;
				SWIFT_VERSION = 4.0;
			};
			name = Debug;
		};
		9272D96C1D36D29D00830CF5 /* Release */ = {
			isa = XCBuildConfiguration;
			buildSettings = {
				COMBINE_HIDPI_IMAGES = YES;
				INFOPLIST_FILE = FireflyInstrumentsTests/Info.plist;
				LD_RUNPATH_SEARCH_PATHS = "$(inherited) @executable_path/../Frameworks @loader_path/../Frameworks";
				PRODUCT_BUNDLE_IDENTIFIER = com.fireflydesign.FireflyInstrumentsTests;
				PRODUCT_NAME = "$(TARGET_NAME)";
				SWIFT_SWIFT3_OBJC_INFERENCE = Default;
				SWIFT_VERSION = 4.0;
			};
			name = Release;
		};
/* End XCBuildConfiguration section */

/* Begin XCConfigurationList section */
		9272D94D1D36D29D00830CF5 /* Build configuration list for PBXProject "FireflyInstruments" */ = {
			isa = XCConfigurationList;
			buildConfigurations = (
				9272D9651D36D29D00830CF5 /* Debug */,
				9272D9661D36D29D00830CF5 /* Release */,
			);
			defaultConfigurationIsVisible = 0;
			defaultConfigurationName = Release;
		};
		9272D9671D36D29D00830CF5 /* Build configuration list for PBXNativeTarget "FireflyInstruments" */ = {
			isa = XCConfigurationList;
			buildConfigurations = (
				9272D9681D36D29D00830CF5 /* Debug */,
				9272D9691D36D29D00830CF5 /* Release */,
			);
			defaultConfigurationIsVisible = 0;
			defaultConfigurationName = Release;
		};
		9272D96A1D36D29D00830CF5 /* Build configuration list for PBXNativeTarget "FireflyInstrumentsTests" */ = {
			isa = XCConfigurationList;
			buildConfigurations = (
				9272D96B1D36D29D00830CF5 /* Debug */,
				9272D96C1D36D29D00830CF5 /* Release */,
			);
			defaultConfigurationIsVisible = 0;
			defaultConfigurationName = Release;
		};
/* End XCConfigurationList section */
	};
	rootObject = 9272D94A1D36D29D00830CF5 /* Project object */;
}
